
Microsoft Visual Studio Solution File, Format Version 12.00
# Visual Studio Version 17
VisualStudioVersion = 17.11.35208.52
MinimumVisualStudioVersion = 10.0.40219.1
Project("{9A19103F-16F7-4668-BE54-9A1E7A4F7556}") = "MongoApi", "MongoApi.csproj", "{DB599496-4D45-4247-951B-BFB271D3AEB5}"
EndProject
Global
	GlobalSection(SolutionConfigurationPlatforms) = preSolution
		Debug|Any CPU = Debug|Any CPU
		Release|Any CPU = Release|Any CPU
	EndGlobalSection
	GlobalSection(ProjectConfigurationPlatforms) = postSolution
		{DB599496-4D45-4247-951B-BFB271D3AEB5}.Debug|Any CPU.ActiveCfg = Debug|Any CPU
		{DB599496-4D45-4247-951B-BFB271D3AEB5}.Debug|Any CPU.Build.0 = Debug|Any CPU
		{DB599496-4D45-4247-951B-BFB271D3AEB5}.Release|Any CPU.ActiveCfg = Release|Any CPU
		{DB599496-4D45-4247-951B-BFB271D3AEB5}.Release|Any CPU.Build.0 = Release|Any CPU
	EndGlobalSection
	GlobalSection(SolutionProperties) = preSolution
		HideSolutionNode = FALSE
	EndGlobalSection
	GlobalSection(ExtensibilityGlobals) = postSolution
		SolutionGuid = {75A7D896-94D2-45FB-94A9-DE2B9F15314D}
	EndGlobalSection
EndGlobal
